
Microsoft Visual Studio Solution File, Format Version 12.00
# Visual Studio Version 17
VisualStudioVersion = 17.0.31903.59
MinimumVisualStudioVersion = 10.0.40219.1
Project("{FAE04EC0-301F-11D3-BF4B-00C04F79EFBC}") = "ConsoleApp1", "ConsoleApp1\ConsoleApp1.csproj", "{A9F42EA7-8AB7-4EDE-9327-DD597C74E194}"
EndProject
Project("{FAE04EC0-301F-11D3-BF4B-00C04F79EFBC}") = "ConsoleApp2", "ConsoleApp2\ConsoleApp2.csproj", "{AB806F7E-DE80-450C-AC18-F354A852F5AE}"
EndProject
Project("{FAE04EC0-301F-11D3-BF4B-00C04F79EFBC}") = "Day 4 struct", "Day 4 struct\Day 4 struct.csproj", "{05A165C7-BD35-45BF-84FB-B6B228E32676}"
EndProject
Project("{FAE04EC0-301F-11D3-BF4B-00C04F79EFBC}") = "day 4 interface", "day 4 interface\day 4 interface.csproj", "{9E1B1593-E97C-4367-93B4-3C4388D0BD67}"
EndProject
Project("{FAE04EC0-301F-11D3-BF4B-00C04F79EFBC}") = "day 4 generics", "day 4 generics\day 4 generics.csproj", "{1FD21952-1BEB-4BFA-B24B-E6DF108FACC6}"
EndProject
Global
	GlobalSection(SolutionConfigurationPlatforms) = preSolution
		Debug|Any CPU = Debug|Any CPU
		Release|Any CPU = Release|Any CPU
	EndGlobalSection
	GlobalSection(SolutionProperties) = preSolution
		HideSolutionNode = FALSE
	EndGlobalSection
	GlobalSection(ProjectConfigurationPlatforms) = postSolution
		{A9F42EA7-8AB7-4EDE-9327-DD597C74E194}.Debug|Any CPU.ActiveCfg = Debug|Any CPU
		{A9F42EA7-8AB7-4EDE-9327-DD597C74E194}.Debug|Any CPU.Build.0 = Debug|Any CPU
		{A9F42EA7-8AB7-4EDE-9327-DD597C74E194}.Release|Any CPU.ActiveCfg = Release|Any CPU
		{A9F42EA7-8AB7-4EDE-9327-DD597C74E194}.Release|Any CPU.Build.0 = Release|Any CPU
		{AB806F7E-DE80-450C-AC18-F354A852F5AE}.Debug|Any CPU.ActiveCfg = Debug|Any CPU
		{AB806F7E-DE80-450C-AC18-F354A852F5AE}.Debug|Any CPU.Build.0 = Debug|Any CPU
		{AB806F7E-DE80-450C-AC18-F354A852F5AE}.Release|Any CPU.ActiveCfg = Release|Any CPU
		{AB806F7E-DE80-450C-AC18-F354A852F5AE}.Release|Any CPU.Build.0 = Release|Any CPU
		{05A165C7-BD35-45BF-84FB-B6B228E32676}.Debug|Any CPU.ActiveCfg = Debug|Any CPU
		{05A165C7-BD35-45BF-84FB-B6B228E32676}.Debug|Any CPU.Build.0 = Debug|Any CPU
		{05A165C7-BD35-45BF-84FB-B6B228E32676}.Release|Any CPU.ActiveCfg = Release|Any CPU
		{05A165C7-BD35-45BF-84FB-B6B228E32676}.Release|Any CPU.Build.0 = Release|Any CPU
		{9E1B1593-E97C-4367-93B4-3C4388D0BD67}.Debug|Any CPU.ActiveCfg = Debug|Any CPU
		{9E1B1593-E97C-4367-93B4-3C4388D0BD67}.Debug|Any CPU.Build.0 = Debug|Any CPU
		{9E1B1593-E97C-4367-93B4-3C4388D0BD67}.Release|Any CPU.ActiveCfg = Release|Any CPU
		{9E1B1593-E97C-4367-93B4-3C4388D0BD67}.Release|Any CPU.Build.0 = Release|Any CPU
		{1FD21952-1BEB-4BFA-B24B-E6DF108FACC6}.Debug|Any CPU.ActiveCfg = Debug|Any CPU
		{1FD21952-1BEB-4BFA-B24B-E6DF108FACC6}.Debug|Any CPU.Build.0 = Debug|Any CPU
		{1FD21952-1BEB-4BFA-B24B-E6DF108FACC6}.Release|Any CPU.ActiveCfg = Release|Any CPU
		{1FD21952-1BEB-4BFA-B24B-E6DF108FACC6}.Release|Any CPU.Build.0 = Release|Any CPU
	EndGlobalSection
EndGlobal
