
Microsoft Visual Studio Solution File, Format Version 12.00
# Visual Studio Version 17
VisualStudioVersion = 17.0.31903.59
MinimumVisualStudioVersion = 10.0.40219.1
Project("{FAE04EC0-301F-11D3-BF4B-00C04F79EFBC}") = "ConsoleApp1", "ConsoleApp1\ConsoleApp1.csproj", "{A9F42EA7-8AB7-4EDE-9327-DD597C74E194}"
EndProject
Project("{FAE04EC0-301F-11D3-BF4B-00C04F79EFBC}") = "ConsoleApp2", "ConsoleApp2\ConsoleApp2.csproj", "{AB806F7E-DE80-450C-AC18-F354A852F5AE}"
EndProject
Project("{FAE04EC0-301F-11D3-BF4B-00C04F79EFBC}") = "Day 4 struct", "Day 4 struct\Day 4 struct.csproj", "{05A165C7-BD35-45BF-84FB-B6B228E32676}"
EndProject
Project("{FAE04EC0-301F-11D3-BF4B-00C04F79EFBC}") = "day 4 interface", "day 4 interface\day 4 interface.csproj", "{9E1B1593-E97C-4367-93B4-3C4388D0BD67}"
EndProject
Project("{FAE04EC0-301F-11D3-BF4B-00C04F79EFBC}") = "day 4 generics", "day 4 generics\day 4 generics.csproj", "{1FD21952-1BEB-4BFA-B24B-E6DF108FACC6}"
EndProject
Project("{FAE04EC0-301F-11D3-BF4B-00C04F79EFBC}") = "delegates", "delegates\delegates.csproj", "{DDFFA284-737B-4C08-8C2A-DF5FAD27DA9D}"
EndProject
Project("{FAE04EC0-301F-11D3-BF4B-00C04F79EFBC}") = "event", "event\event.csproj", "{D4E9C391-C0E3-4C50-99FB-5D583705E142}"
EndProject
Project("{FAE04EC0-301F-11D3-BF4B-00C04F79EFBC}") = "trycatch", "trycatch\trycatch.csproj", "{C2F98B30-4817-4592-A21C-621B324236A9}"
EndProject
Project("{FAE04EC0-301F-11D3-BF4B-00C04F79EFBC}") = "nullable", "nullable\nullable.csproj", "{CDF86845-94C2-44E5-BCBB-2E1812D934FA}"
EndProject
Project("{FAE04EC0-301F-11D3-BF4B-00C04F79EFBC}") = "enumeration dan iterator", "enumeration dan iterator\enumeration dan iterator.csproj", "{FA9410F7-00CA-42FB-9089-BF917F6F710A}"
EndProject
Project("{FAE04EC0-301F-11D3-BF4B-00C04F79EFBC}") = "operator overloading", "operator overloading\operator overloading.csproj", "{F4100817-1323-4AC8-897A-EAED986195E2}"
EndProject
Project("{FAE04EC0-301F-11D3-BF4B-00C04F79EFBC}") = "foobaz", "foobaz\foobaz.csproj", "{5002C5F7-AB31-4136-B51C-3E94A93AB99C}"
EndProject
Project("{FAE04EC0-301F-11D3-BF4B-00C04F79EFBC}") = "framework string and text handling", "framework string and text handling\framework string and text handling.csproj", "{732E2BE9-664E-49D5-B36A-72C8DBA63485}"
EndProject
Project("{FAE04EC0-301F-11D3-BF4B-00C04F79EFBC}") = "date and times", "date and times\date and times.csproj", "{41049A77-B678-4995-A86F-E566090C730E}"
EndProject
Project("{FAE04EC0-301F-11D3-BF4B-00C04F79EFBC}") = "framework date and times", "framework date and times\framework date and times.csproj", "{B3797B67-171B-462A-95E6-53AA61EB23DB}"
EndProject
Project("{FAE04EC0-301F-11D3-BF4B-00C04F79EFBC}") = "framework formatting and parsing", "framework formatting and parsing\framework formatting and parsing.csproj", "{B46E7157-6637-4781-AC93-AF15E61623A4}"
EndProject
Project("{FAE04EC0-301F-11D3-BF4B-00C04F79EFBC}") = "framework other conversion", "framework other conversion\framework other conversion.csproj", "{C53251AC-AC1E-482C-8E28-F763CC777FEB}"
EndProject
Project("{FAE04EC0-301F-11D3-BF4B-00C04F79EFBC}") = "framework conversion", "framework conversion\framework conversion.csproj", "{CA721B52-3480-4C31-827F-15BBB1DFCE4F}"
EndProject
Project("{FAE04EC0-301F-11D3-BF4B-00C04F79EFBC}") = "framework working with number", "framework working with number\framework working with number.csproj", "{087EC1E3-2A35-4DEB-AC7F-593DA03C6089}"
EndProject
Project("{FAE04EC0-301F-11D3-BF4B-00C04F79EFBC}") = "enums", "enums\enums.csproj", "{7B4D7AC0-F623-4AB8-BB4C-38F271B9AFC2}"
EndProject
Project("{FAE04EC0-301F-11D3-BF4B-00C04F79EFBC}") = "framework enums", "framework enums\framework enums.csproj", "{85D821F4-CE86-42A9-99C0-D076BE56EBF2}"
EndProject
Project("{FAE04EC0-301F-11D3-BF4B-00C04F79EFBC}") = "framework equality comparisson", "framework equality comparisson\framework equality comparisson.csproj", "{07D3772A-996E-4037-A992-7D87EAD82FD2}"
EndProject
Project("{FAE04EC0-301F-11D3-BF4B-00C04F79EFBC}") = "framework utility", "framework utility\framework utility.csproj", "{834F4AE0-E3BD-49F8-A79E-F80CFA207B48}"
EndProject
Project("{FAE04EC0-301F-11D3-BF4B-00C04F79EFBC}") = "enumerator", "enumerator\enumerator.csproj", "{4D4CE910-9FA6-417A-A73E-3F6948F16A47}"
EndProject
Project("{FAE04EC0-301F-11D3-BF4B-00C04F79EFBC}") = "collection enumeration", "collection enumeration\collection enumeration.csproj", "{69DA6E95-B380-4E2D-88A7-C9050C9A6293}"
EndProject
Project("{FAE04EC0-301F-11D3-BF4B-00C04F79EFBC}") = "collection array", "collection array\collection array.csproj", "{45EB2096-69B7-4011-83C6-F8036D774F7B}"
EndProject
Global
	GlobalSection(SolutionConfigurationPlatforms) = preSolution
		Debug|Any CPU = Debug|Any CPU
		Release|Any CPU = Release|Any CPU
	EndGlobalSection
	GlobalSection(SolutionProperties) = preSolution
		HideSolutionNode = FALSE
	EndGlobalSection
	GlobalSection(ProjectConfigurationPlatforms) = postSolution
		{A9F42EA7-8AB7-4EDE-9327-DD597C74E194}.Debug|Any CPU.ActiveCfg = Debug|Any CPU
		{A9F42EA7-8AB7-4EDE-9327-DD597C74E194}.Debug|Any CPU.Build.0 = Debug|Any CPU
		{A9F42EA7-8AB7-4EDE-9327-DD597C74E194}.Release|Any CPU.ActiveCfg = Release|Any CPU
		{A9F42EA7-8AB7-4EDE-9327-DD597C74E194}.Release|Any CPU.Build.0 = Release|Any CPU
		{AB806F7E-DE80-450C-AC18-F354A852F5AE}.Debug|Any CPU.ActiveCfg = Debug|Any CPU
		{AB806F7E-DE80-450C-AC18-F354A852F5AE}.Debug|Any CPU.Build.0 = Debug|Any CPU
		{AB806F7E-DE80-450C-AC18-F354A852F5AE}.Release|Any CPU.ActiveCfg = Release|Any CPU
		{AB806F7E-DE80-450C-AC18-F354A852F5AE}.Release|Any CPU.Build.0 = Release|Any CPU
		{05A165C7-BD35-45BF-84FB-B6B228E32676}.Debug|Any CPU.ActiveCfg = Debug|Any CPU
		{05A165C7-BD35-45BF-84FB-B6B228E32676}.Debug|Any CPU.Build.0 = Debug|Any CPU
		{05A165C7-BD35-45BF-84FB-B6B228E32676}.Release|Any CPU.ActiveCfg = Release|Any CPU
		{05A165C7-BD35-45BF-84FB-B6B228E32676}.Release|Any CPU.Build.0 = Release|Any CPU
		{9E1B1593-E97C-4367-93B4-3C4388D0BD67}.Debug|Any CPU.ActiveCfg = Debug|Any CPU
		{9E1B1593-E97C-4367-93B4-3C4388D0BD67}.Debug|Any CPU.Build.0 = Debug|Any CPU
		{9E1B1593-E97C-4367-93B4-3C4388D0BD67}.Release|Any CPU.ActiveCfg = Release|Any CPU
		{9E1B1593-E97C-4367-93B4-3C4388D0BD67}.Release|Any CPU.Build.0 = Release|Any CPU
		{1FD21952-1BEB-4BFA-B24B-E6DF108FACC6}.Debug|Any CPU.ActiveCfg = Debug|Any CPU
		{1FD21952-1BEB-4BFA-B24B-E6DF108FACC6}.Debug|Any CPU.Build.0 = Debug|Any CPU
		{1FD21952-1BEB-4BFA-B24B-E6DF108FACC6}.Release|Any CPU.ActiveCfg = Release|Any CPU
		{1FD21952-1BEB-4BFA-B24B-E6DF108FACC6}.Release|Any CPU.Build.0 = Release|Any CPU
		{DDFFA284-737B-4C08-8C2A-DF5FAD27DA9D}.Debug|Any CPU.ActiveCfg = Debug|Any CPU
		{DDFFA284-737B-4C08-8C2A-DF5FAD27DA9D}.Debug|Any CPU.Build.0 = Debug|Any CPU
		{DDFFA284-737B-4C08-8C2A-DF5FAD27DA9D}.Release|Any CPU.ActiveCfg = Release|Any CPU
		{DDFFA284-737B-4C08-8C2A-DF5FAD27DA9D}.Release|Any CPU.Build.0 = Release|Any CPU
		{D4E9C391-C0E3-4C50-99FB-5D583705E142}.Debug|Any CPU.ActiveCfg = Debug|Any CPU
		{D4E9C391-C0E3-4C50-99FB-5D583705E142}.Debug|Any CPU.Build.0 = Debug|Any CPU
		{D4E9C391-C0E3-4C50-99FB-5D583705E142}.Release|Any CPU.ActiveCfg = Release|Any CPU
		{D4E9C391-C0E3-4C50-99FB-5D583705E142}.Release|Any CPU.Build.0 = Release|Any CPU
		{C2F98B30-4817-4592-A21C-621B324236A9}.Debug|Any CPU.ActiveCfg = Debug|Any CPU
		{C2F98B30-4817-4592-A21C-621B324236A9}.Debug|Any CPU.Build.0 = Debug|Any CPU
		{C2F98B30-4817-4592-A21C-621B324236A9}.Release|Any CPU.ActiveCfg = Release|Any CPU
		{C2F98B30-4817-4592-A21C-621B324236A9}.Release|Any CPU.Build.0 = Release|Any CPU
		{CDF86845-94C2-44E5-BCBB-2E1812D934FA}.Debug|Any CPU.ActiveCfg = Debug|Any CPU
		{CDF86845-94C2-44E5-BCBB-2E1812D934FA}.Debug|Any CPU.Build.0 = Debug|Any CPU
		{CDF86845-94C2-44E5-BCBB-2E1812D934FA}.Release|Any CPU.ActiveCfg = Release|Any CPU
		{CDF86845-94C2-44E5-BCBB-2E1812D934FA}.Release|Any CPU.Build.0 = Release|Any CPU
		{FA9410F7-00CA-42FB-9089-BF917F6F710A}.Debug|Any CPU.ActiveCfg = Debug|Any CPU
		{FA9410F7-00CA-42FB-9089-BF917F6F710A}.Debug|Any CPU.Build.0 = Debug|Any CPU
		{FA9410F7-00CA-42FB-9089-BF917F6F710A}.Release|Any CPU.ActiveCfg = Release|Any CPU
		{FA9410F7-00CA-42FB-9089-BF917F6F710A}.Release|Any CPU.Build.0 = Release|Any CPU
		{F4100817-1323-4AC8-897A-EAED986195E2}.Debug|Any CPU.ActiveCfg = Debug|Any CPU
		{F4100817-1323-4AC8-897A-EAED986195E2}.Debug|Any CPU.Build.0 = Debug|Any CPU
		{F4100817-1323-4AC8-897A-EAED986195E2}.Release|Any CPU.ActiveCfg = Release|Any CPU
		{F4100817-1323-4AC8-897A-EAED986195E2}.Release|Any CPU.Build.0 = Release|Any CPU
		{5002C5F7-AB31-4136-B51C-3E94A93AB99C}.Debug|Any CPU.ActiveCfg = Debug|Any CPU
		{5002C5F7-AB31-4136-B51C-3E94A93AB99C}.Debug|Any CPU.Build.0 = Debug|Any CPU
		{5002C5F7-AB31-4136-B51C-3E94A93AB99C}.Release|Any CPU.ActiveCfg = Release|Any CPU
		{5002C5F7-AB31-4136-B51C-3E94A93AB99C}.Release|Any CPU.Build.0 = Release|Any CPU
		{732E2BE9-664E-49D5-B36A-72C8DBA63485}.Debug|Any CPU.ActiveCfg = Debug|Any CPU
		{732E2BE9-664E-49D5-B36A-72C8DBA63485}.Debug|Any CPU.Build.0 = Debug|Any CPU
		{732E2BE9-664E-49D5-B36A-72C8DBA63485}.Release|Any CPU.ActiveCfg = Release|Any CPU
		{732E2BE9-664E-49D5-B36A-72C8DBA63485}.Release|Any CPU.Build.0 = Release|Any CPU
		{41049A77-B678-4995-A86F-E566090C730E}.Debug|Any CPU.ActiveCfg = Debug|Any CPU
		{41049A77-B678-4995-A86F-E566090C730E}.Debug|Any CPU.Build.0 = Debug|Any CPU
		{41049A77-B678-4995-A86F-E566090C730E}.Release|Any CPU.ActiveCfg = Release|Any CPU
		{41049A77-B678-4995-A86F-E566090C730E}.Release|Any CPU.Build.0 = Release|Any CPU
		{B3797B67-171B-462A-95E6-53AA61EB23DB}.Debug|Any CPU.ActiveCfg = Debug|Any CPU
		{B3797B67-171B-462A-95E6-53AA61EB23DB}.Debug|Any CPU.Build.0 = Debug|Any CPU
		{B3797B67-171B-462A-95E6-53AA61EB23DB}.Release|Any CPU.ActiveCfg = Release|Any CPU
		{B3797B67-171B-462A-95E6-53AA61EB23DB}.Release|Any CPU.Build.0 = Release|Any CPU
		{B46E7157-6637-4781-AC93-AF15E61623A4}.Debug|Any CPU.ActiveCfg = Debug|Any CPU
		{B46E7157-6637-4781-AC93-AF15E61623A4}.Debug|Any CPU.Build.0 = Debug|Any CPU
		{B46E7157-6637-4781-AC93-AF15E61623A4}.Release|Any CPU.ActiveCfg = Release|Any CPU
		{B46E7157-6637-4781-AC93-AF15E61623A4}.Release|Any CPU.Build.0 = Release|Any CPU
		{C53251AC-AC1E-482C-8E28-F763CC777FEB}.Debug|Any CPU.ActiveCfg = Debug|Any CPU
		{C53251AC-AC1E-482C-8E28-F763CC777FEB}.Debug|Any CPU.Build.0 = Debug|Any CPU
		{C53251AC-AC1E-482C-8E28-F763CC777FEB}.Release|Any CPU.ActiveCfg = Release|Any CPU
		{C53251AC-AC1E-482C-8E28-F763CC777FEB}.Release|Any CPU.Build.0 = Release|Any CPU
		{CA721B52-3480-4C31-827F-15BBB1DFCE4F}.Debug|Any CPU.ActiveCfg = Debug|Any CPU
		{CA721B52-3480-4C31-827F-15BBB1DFCE4F}.Debug|Any CPU.Build.0 = Debug|Any CPU
		{CA721B52-3480-4C31-827F-15BBB1DFCE4F}.Release|Any CPU.ActiveCfg = Release|Any CPU
		{CA721B52-3480-4C31-827F-15BBB1DFCE4F}.Release|Any CPU.Build.0 = Release|Any CPU
		{087EC1E3-2A35-4DEB-AC7F-593DA03C6089}.Debug|Any CPU.ActiveCfg = Debug|Any CPU
		{087EC1E3-2A35-4DEB-AC7F-593DA03C6089}.Debug|Any CPU.Build.0 = Debug|Any CPU
		{087EC1E3-2A35-4DEB-AC7F-593DA03C6089}.Release|Any CPU.ActiveCfg = Release|Any CPU
		{087EC1E3-2A35-4DEB-AC7F-593DA03C6089}.Release|Any CPU.Build.0 = Release|Any CPU
		{7B4D7AC0-F623-4AB8-BB4C-38F271B9AFC2}.Debug|Any CPU.ActiveCfg = Debug|Any CPU
		{7B4D7AC0-F623-4AB8-BB4C-38F271B9AFC2}.Debug|Any CPU.Build.0 = Debug|Any CPU
		{7B4D7AC0-F623-4AB8-BB4C-38F271B9AFC2}.Release|Any CPU.ActiveCfg = Release|Any CPU
		{7B4D7AC0-F623-4AB8-BB4C-38F271B9AFC2}.Release|Any CPU.Build.0 = Release|Any CPU
		{85D821F4-CE86-42A9-99C0-D076BE56EBF2}.Debug|Any CPU.ActiveCfg = Debug|Any CPU
		{85D821F4-CE86-42A9-99C0-D076BE56EBF2}.Debug|Any CPU.Build.0 = Debug|Any CPU
		{85D821F4-CE86-42A9-99C0-D076BE56EBF2}.Release|Any CPU.ActiveCfg = Release|Any CPU
		{85D821F4-CE86-42A9-99C0-D076BE56EBF2}.Release|Any CPU.Build.0 = Release|Any CPU
		{07D3772A-996E-4037-A992-7D87EAD82FD2}.Debug|Any CPU.ActiveCfg = Debug|Any CPU
		{07D3772A-996E-4037-A992-7D87EAD82FD2}.Debug|Any CPU.Build.0 = Debug|Any CPU
		{07D3772A-996E-4037-A992-7D87EAD82FD2}.Release|Any CPU.ActiveCfg = Release|Any CPU
		{07D3772A-996E-4037-A992-7D87EAD82FD2}.Release|Any CPU.Build.0 = Release|Any CPU
		{834F4AE0-E3BD-49F8-A79E-F80CFA207B48}.Debug|Any CPU.ActiveCfg = Debug|Any CPU
		{834F4AE0-E3BD-49F8-A79E-F80CFA207B48}.Debug|Any CPU.Build.0 = Debug|Any CPU
		{834F4AE0-E3BD-49F8-A79E-F80CFA207B48}.Release|Any CPU.ActiveCfg = Release|Any CPU
		{834F4AE0-E3BD-49F8-A79E-F80CFA207B48}.Release|Any CPU.Build.0 = Release|Any CPU
		{4D4CE910-9FA6-417A-A73E-3F6948F16A47}.Debug|Any CPU.ActiveCfg = Debug|Any CPU
		{4D4CE910-9FA6-417A-A73E-3F6948F16A47}.Debug|Any CPU.Build.0 = Debug|Any CPU
		{4D4CE910-9FA6-417A-A73E-3F6948F16A47}.Release|Any CPU.ActiveCfg = Release|Any CPU
		{4D4CE910-9FA6-417A-A73E-3F6948F16A47}.Release|Any CPU.Build.0 = Release|Any CPU
		{69DA6E95-B380-4E2D-88A7-C9050C9A6293}.Debug|Any CPU.ActiveCfg = Debug|Any CPU
		{69DA6E95-B380-4E2D-88A7-C9050C9A6293}.Debug|Any CPU.Build.0 = Debug|Any CPU
		{69DA6E95-B380-4E2D-88A7-C9050C9A6293}.Release|Any CPU.ActiveCfg = Release|Any CPU
		{69DA6E95-B380-4E2D-88A7-C9050C9A6293}.Release|Any CPU.Build.0 = Release|Any CPU
		{45EB2096-69B7-4011-83C6-F8036D774F7B}.Debug|Any CPU.ActiveCfg = Debug|Any CPU
		{45EB2096-69B7-4011-83C6-F8036D774F7B}.Debug|Any CPU.Build.0 = Debug|Any CPU
		{45EB2096-69B7-4011-83C6-F8036D774F7B}.Release|Any CPU.ActiveCfg = Release|Any CPU
		{45EB2096-69B7-4011-83C6-F8036D774F7B}.Release|Any CPU.Build.0 = Release|Any CPU
	EndGlobalSection
EndGlobal
