
Microsoft Visual Studio Solution File, Format Version 12.00
# Visual Studio Version 17
VisualStudioVersion = 17.0.31903.59
MinimumVisualStudioVersion = 10.0.40219.1
Project("{FAE04EC0-301F-11D3-BF4B-00C04F79EFBC}") = "ConsoleApp1", "ConsoleApp1\ConsoleApp1.csproj", "{A9F42EA7-8AB7-4EDE-9327-DD597C74E194}"
EndProject
Project("{FAE04EC0-301F-11D3-BF4B-00C04F79EFBC}") = "ConsoleApp2", "ConsoleApp2\ConsoleApp2.csproj", "{AB806F7E-DE80-450C-AC18-F354A852F5AE}"
EndProject
Project("{FAE04EC0-301F-11D3-BF4B-00C04F79EFBC}") = "Day 4 struct", "Day 4 struct\Day 4 struct.csproj", "{05A165C7-BD35-45BF-84FB-B6B228E32676}"
EndProject
Project("{FAE04EC0-301F-11D3-BF4B-00C04F79EFBC}") = "day 4 interface", "day 4 interface\day 4 interface.csproj", "{9E1B1593-E97C-4367-93B4-3C4388D0BD67}"
EndProject
Project("{FAE04EC0-301F-11D3-BF4B-00C04F79EFBC}") = "day 4 generics", "day 4 generics\day 4 generics.csproj", "{1FD21952-1BEB-4BFA-B24B-E6DF108FACC6}"
EndProject
Project("{FAE04EC0-301F-11D3-BF4B-00C04F79EFBC}") = "delegates", "delegates\delegates.csproj", "{DDFFA284-737B-4C08-8C2A-DF5FAD27DA9D}"
EndProject
Project("{FAE04EC0-301F-11D3-BF4B-00C04F79EFBC}") = "event", "event\event.csproj", "{D4E9C391-C0E3-4C50-99FB-5D583705E142}"
EndProject
Project("{FAE04EC0-301F-11D3-BF4B-00C04F79EFBC}") = "trycatch", "trycatch\trycatch.csproj", "{C2F98B30-4817-4592-A21C-621B324236A9}"
EndProject
Project("{FAE04EC0-301F-11D3-BF4B-00C04F79EFBC}") = "nullable", "nullable\nullable.csproj", "{CDF86845-94C2-44E5-BCBB-2E1812D934FA}"
EndProject
Project("{FAE04EC0-301F-11D3-BF4B-00C04F79EFBC}") = "enumeration dan iterator", "enumeration dan iterator\enumeration dan iterator.csproj", "{FA9410F7-00CA-42FB-9089-BF917F6F710A}"
EndProject
Project("{FAE04EC0-301F-11D3-BF4B-00C04F79EFBC}") = "operator overloading", "operator overloading\operator overloading.csproj", "{F4100817-1323-4AC8-897A-EAED986195E2}"
EndProject
Global
	GlobalSection(SolutionConfigurationPlatforms) = preSolution
		Debug|Any CPU = Debug|Any CPU
		Release|Any CPU = Release|Any CPU
	EndGlobalSection
	GlobalSection(SolutionProperties) = preSolution
		HideSolutionNode = FALSE
	EndGlobalSection
	GlobalSection(ProjectConfigurationPlatforms) = postSolution
		{A9F42EA7-8AB7-4EDE-9327-DD597C74E194}.Debug|Any CPU.ActiveCfg = Debug|Any CPU
		{A9F42EA7-8AB7-4EDE-9327-DD597C74E194}.Debug|Any CPU.Build.0 = Debug|Any CPU
		{A9F42EA7-8AB7-4EDE-9327-DD597C74E194}.Release|Any CPU.ActiveCfg = Release|Any CPU
		{A9F42EA7-8AB7-4EDE-9327-DD597C74E194}.Release|Any CPU.Build.0 = Release|Any CPU
		{AB806F7E-DE80-450C-AC18-F354A852F5AE}.Debug|Any CPU.ActiveCfg = Debug|Any CPU
		{AB806F7E-DE80-450C-AC18-F354A852F5AE}.Debug|Any CPU.Build.0 = Debug|Any CPU
		{AB806F7E-DE80-450C-AC18-F354A852F5AE}.Release|Any CPU.ActiveCfg = Release|Any CPU
		{AB806F7E-DE80-450C-AC18-F354A852F5AE}.Release|Any CPU.Build.0 = Release|Any CPU
		{05A165C7-BD35-45BF-84FB-B6B228E32676}.Debug|Any CPU.ActiveCfg = Debug|Any CPU
		{05A165C7-BD35-45BF-84FB-B6B228E32676}.Debug|Any CPU.Build.0 = Debug|Any CPU
		{05A165C7-BD35-45BF-84FB-B6B228E32676}.Release|Any CPU.ActiveCfg = Release|Any CPU
		{05A165C7-BD35-45BF-84FB-B6B228E32676}.Release|Any CPU.Build.0 = Release|Any CPU
		{9E1B1593-E97C-4367-93B4-3C4388D0BD67}.Debug|Any CPU.ActiveCfg = Debug|Any CPU
		{9E1B1593-E97C-4367-93B4-3C4388D0BD67}.Debug|Any CPU.Build.0 = Debug|Any CPU
		{9E1B1593-E97C-4367-93B4-3C4388D0BD67}.Release|Any CPU.ActiveCfg = Release|Any CPU
		{9E1B1593-E97C-4367-93B4-3C4388D0BD67}.Release|Any CPU.Build.0 = Release|Any CPU
		{1FD21952-1BEB-4BFA-B24B-E6DF108FACC6}.Debug|Any CPU.ActiveCfg = Debug|Any CPU
		{1FD21952-1BEB-4BFA-B24B-E6DF108FACC6}.Debug|Any CPU.Build.0 = Debug|Any CPU
		{1FD21952-1BEB-4BFA-B24B-E6DF108FACC6}.Release|Any CPU.ActiveCfg = Release|Any CPU
		{1FD21952-1BEB-4BFA-B24B-E6DF108FACC6}.Release|Any CPU.Build.0 = Release|Any CPU
		{DDFFA284-737B-4C08-8C2A-DF5FAD27DA9D}.Debug|Any CPU.ActiveCfg = Debug|Any CPU
		{DDFFA284-737B-4C08-8C2A-DF5FAD27DA9D}.Debug|Any CPU.Build.0 = Debug|Any CPU
		{DDFFA284-737B-4C08-8C2A-DF5FAD27DA9D}.Release|Any CPU.ActiveCfg = Release|Any CPU
		{DDFFA284-737B-4C08-8C2A-DF5FAD27DA9D}.Release|Any CPU.Build.0 = Release|Any CPU
		{D4E9C391-C0E3-4C50-99FB-5D583705E142}.Debug|Any CPU.ActiveCfg = Debug|Any CPU
		{D4E9C391-C0E3-4C50-99FB-5D583705E142}.Debug|Any CPU.Build.0 = Debug|Any CPU
		{D4E9C391-C0E3-4C50-99FB-5D583705E142}.Release|Any CPU.ActiveCfg = Release|Any CPU
		{D4E9C391-C0E3-4C50-99FB-5D583705E142}.Release|Any CPU.Build.0 = Release|Any CPU
		{C2F98B30-4817-4592-A21C-621B324236A9}.Debug|Any CPU.ActiveCfg = Debug|Any CPU
		{C2F98B30-4817-4592-A21C-621B324236A9}.Debug|Any CPU.Build.0 = Debug|Any CPU
		{C2F98B30-4817-4592-A21C-621B324236A9}.Release|Any CPU.ActiveCfg = Release|Any CPU
		{C2F98B30-4817-4592-A21C-621B324236A9}.Release|Any CPU.Build.0 = Release|Any CPU
		{CDF86845-94C2-44E5-BCBB-2E1812D934FA}.Debug|Any CPU.ActiveCfg = Debug|Any CPU
		{CDF86845-94C2-44E5-BCBB-2E1812D934FA}.Debug|Any CPU.Build.0 = Debug|Any CPU
		{CDF86845-94C2-44E5-BCBB-2E1812D934FA}.Release|Any CPU.ActiveCfg = Release|Any CPU
		{CDF86845-94C2-44E5-BCBB-2E1812D934FA}.Release|Any CPU.Build.0 = Release|Any CPU
		{FA9410F7-00CA-42FB-9089-BF917F6F710A}.Debug|Any CPU.ActiveCfg = Debug|Any CPU
		{FA9410F7-00CA-42FB-9089-BF917F6F710A}.Debug|Any CPU.Build.0 = Debug|Any CPU
		{FA9410F7-00CA-42FB-9089-BF917F6F710A}.Release|Any CPU.ActiveCfg = Release|Any CPU
		{FA9410F7-00CA-42FB-9089-BF917F6F710A}.Release|Any CPU.Build.0 = Release|Any CPU
		{F4100817-1323-4AC8-897A-EAED986195E2}.Debug|Any CPU.ActiveCfg = Debug|Any CPU
		{F4100817-1323-4AC8-897A-EAED986195E2}.Debug|Any CPU.Build.0 = Debug|Any CPU
		{F4100817-1323-4AC8-897A-EAED986195E2}.Release|Any CPU.ActiveCfg = Release|Any CPU
		{F4100817-1323-4AC8-897A-EAED986195E2}.Release|Any CPU.Build.0 = Release|Any CPU
	EndGlobalSection
EndGlobal
